
Microsoft Visual Studio Solution File, Format Version 12.00
# Visual Studio Version 16
VisualStudioVersion = 16.0.29905.134
MinimumVisualStudioVersion = 10.0.40219.1
Project("{8BC9CEB8-8B4A-11D0-8D11-00A0C91BC942}") = "Lab5v23", "Lab5v23.vcxproj", "{E1D62648-6ED7-40D1-9A1B-3E2B29AE71DB}"
EndProject
Global
	GlobalSection(SolutionConfigurationPlatforms) = preSolution
		Debug|x64 = Debug|x64
		Debug|x86 = Debug|x86
		Release|x64 = Release|x64
		Release|x86 = Release|x86
	EndGlobalSection
	GlobalSection(ProjectConfigurationPlatforms) = postSolution
		{E1D62648-6ED7-40D1-9A1B-3E2B29AE71DB}.Debug|x64.ActiveCfg = Debug|x64
		{E1D62648-6ED7-40D1-9A1B-3E2B29AE71DB}.Debug|x64.Build.0 = Debug|x64
		{E1D62648-6ED7-40D1-9A1B-3E2B29AE71DB}.Debug|x86.ActiveCfg = Debug|Win32
		{E1D62648-6ED7-40D1-9A1B-3E2B29AE71DB}.Debug|x86.Build.0 = Debug|Win32
		{E1D62648-6ED7-40D1-9A1B-3E2B29AE71DB}.Release|x64.ActiveCfg = Release|x64
		{E1D62648-6ED7-40D1-9A1B-3E2B29AE71DB}.Release|x64.Build.0 = Release|x64
		{E1D62648-6ED7-40D1-9A1B-3E2B29AE71DB}.Release|x86.ActiveCfg = Release|Win32
		{E1D62648-6ED7-40D1-9A1B-3E2B29AE71DB}.Release|x86.Build.0 = Release|Win32
	EndGlobalSection
	GlobalSection(SolutionProperties) = preSolution
		HideSolutionNode = FALSE
	EndGlobalSection
	GlobalSection(ExtensibilityGlobals) = postSolution
		SolutionGuid = {FE68D023-EB52-4CEF-A6A7-5C7CFEBC9C23}
	EndGlobalSection
EndGlobal
